
PODS:
- AQGridView (1.3)
- Cedar (0.0.1)
- FileMD5Hash (0.0.1)
- ISO8601DateFormatter (0.6)
- JSONKit (1.5pre)
- LibComponentLogging-Core (1.3.1)
- LibComponentLogging-NSLog (1.0.4):
  - LibComponentLogging-Core (>= 1.1.6)
- MBProgressHUD (0.5)
- MWPhotoBrowser (0.0.1):
  - MBProgressHUD
  - SDWebImage
- NSData+Base64 (1.0.0)
- OCMock (2.0.1)
- RestKit (0.10.3):
  - RestKit/JSON (= 0.10.3)
- RestKit/JSON (0.10.3):
  - RestKit/Network
  - RestKit/ObjectMapping/CoreData
  - RestKit/ObjectMapping/JSON
  - RestKit/UI
- RestKit/Network (0.10.3):
  - FileMD5Hash
  - LibComponentLogging-NSLog (>= 1.0.4)
  - SOCKit
  - cocoa-oauth
- RestKit/ObjectMapping/CoreData (0.10.3):
  - ISO8601DateFormatter (>= 0.6)
  - RestKit/Network
- RestKit/ObjectMapping/JSON (0.10.3):
  - ISO8601DateFormatter (>= 0.6)
  - JSONKit (>= 1.5pre)
  - RestKit/Network
- RestKit/UI (0.10.3)
- SDWebImage (2.7):
  - SDWebImage/Main (= 2.7)
- SDWebImage/Main (2.7)
- SOCKit (1.1)
- TestFlightSDK (1.1)
- cocoa-oauth (0.0.1):
  - NSData+Base64 (~> 1.0)

DEPENDENCIES:
- AQGridView (= 1.3)
- Cedar
- MWPhotoBrowser (= 0.0.1)
- OCMock
- RestKit
- SDWebImage (= 2.7)
- TestFlightSDK (= 1.1)

SPEC CHECKSUMS:
  AQGridView: ee436c64bc4a972ca7f3ce99971c0204af9e65ea
  FileMD5Hash: c3b015e6fb293eea0a0c276747f61f20408c2644
  ISO8601DateFormatter: dc05a2481edf49668d85d3ff8c466c32eb544780
  JSONKit: a01a22c75f27eae76b4badd55a91c20fe6e86477
  LibComponentLogging-Core: 344f6045453ca28fa8f2909eb9624ec9d15ef256
  LibComponentLogging-NSLog: a4bb0f6de612eef7b5fcdbd9cc96dc868ba1f2df
  MBProgressHUD: b23ee11c42253d6d804e8e0bfabdc334e8b2571f
  MWPhotoBrowser: 64f976fb6158ecc55642cd352f965a335f122cd4
  NSData+Base64: 8b910cb8a64f45daec6fb15936c36a9a911c57ca
  RestKit: 1fb57eb941d7d2587648491507a0bcaeb70b67f2
  RestKit/JSON: 1fb57eb941d7d2587648491507a0bcaeb70b67f2
  RestKit/Network: 1fb57eb941d7d2587648491507a0bcaeb70b67f2
  RestKit/ObjectMapping/CoreData: 1fb57eb941d7d2587648491507a0bcaeb70b67f2
  RestKit/ObjectMapping/JSON: 1fb57eb941d7d2587648491507a0bcaeb70b67f2
  RestKit/UI: 1fb57eb941d7d2587648491507a0bcaeb70b67f2
  SDWebImage: 6be78ee398d329bdd22c85a0e11ee41bd1f52066
  SDWebImage/Main: 6be78ee398d329bdd22c85a0e11ee41bd1f52066
  SOCKit: 179515c1a621dd5652a60e9be02ea4adcd25bc9b
  TestFlightSDK: a62347405c04307e2953eda4b8cc465ee51a6c90
  cocoa-oauth: 8f4c8b77c77ac660de37f8125557c4ec09b0118a
  Cedar: 4bf5be704d3b0a50d6bd0353b6b04d8475153940
  OCMock: 77a9c4c57af6bf258a537d34cf09abf422affede

COCOAPODS: 0.15.2
